
Microsoft Visual Studio Solution File, Format Version 12.00
# Visual Studio Version 16
VisualStudioVersion = 25.0.1706.6
MinimumVisualStudioVersion = 10.0.40219.1
Project("{FAE04EC0-301F-11D3-BF4B-00C04F79EFBC}") = "SWIFTcard", "SWIFTcard.csproj", "{79CE101F-A3CE-4388-ADF0-E6D86109DAE3}"
EndProject
Global
	GlobalSection(SolutionConfigurationPlatforms) = preSolution
		Debug|Any CPU = Debug|Any CPU
		Release|Any CPU = Release|Any CPU
	EndGlobalSection
	GlobalSection(ProjectConfigurationPlatforms) = postSolution
		{79CE101F-A3CE-4388-ADF0-E6D86109DAE3}.Debug|Any CPU.ActiveCfg = Debug|Any CPU
		{79CE101F-A3CE-4388-ADF0-E6D86109DAE3}.Debug|Any CPU.Build.0 = Debug|Any CPU
		{79CE101F-A3CE-4388-ADF0-E6D86109DAE3}.Release|Any CPU.ActiveCfg = Release|Any CPU
		{79CE101F-A3CE-4388-ADF0-E6D86109DAE3}.Release|Any CPU.Build.0 = Release|Any CPU
	EndGlobalSection
	GlobalSection(SolutionProperties) = preSolution
		HideSolutionNode = FALSE
	EndGlobalSection
	GlobalSection(ExtensibilityGlobals) = postSolution
		SolutionGuid = {BFE73F18-8543-46CB-87F5-CEA7086B1910}
	EndGlobalSection
EndGlobal
